// !$*UTF8*$!
{
	archiveVersion = 1;
	classes = {
	};
	objectVersion = 77;
	objects = {

/* Begin PBXBuildFile section */
		89D416E22D9F26A6003D163C /* HomeView.swift in Sources */ = {isa = PBXBuildFile; fileRef = 89D416E12D9F26A6003D163C /* HomeView.swift */; };
		89D4170B2D9F312D003D163C /* NoteDetailView.swift in Sources */ = {isa = PBXBuildFile; fileRef = 89D4170A2D9F3122003D163C /* NoteDetailView.swift */; };
		89D417142D9F3707003D163C /* HomeViewModel.swift in Sources */ = {isa = PBXBuildFile; fileRef = 89D417112D9F31B1003D163C /* HomeViewModel.swift */; };
		89D417152D9F373E003D163C /* Note.swift in Sources */ = {isa = PBXBuildFile; fileRef = 89D4170F2D9F3198003D163C /* Note.swift */; };
/* End PBXBuildFile section */

/* Begin PBXContainerItemProxy section */
		89D416ED2D9F26A8003D163C /* PBXContainerItemProxy */ = {
			isa = PBXContainerItemProxy;
			containerPortal = 89D416D42D9F26A6003D163C /* Project object */;
			proxyType = 1;
			remoteGlobalIDString = 89D416DB2D9F26A6003D163C;
			remoteInfo = InsightNote;
		};
		89D416F72D9F26A8003D163C /* PBXContainerItemProxy */ = {
			isa = PBXContainerItemProxy;
			containerPortal = 89D416D42D9F26A6003D163C /* Project object */;
			proxyType = 1;
			remoteGlobalIDString = 89D416DB2D9F26A6003D163C;
			remoteInfo = InsightNote;
		};
/* End PBXContainerItemProxy section */

/* Begin PBXFileReference section */
		89D416DC2D9F26A6003D163C /* InsightNote.app */ = {isa = PBXFileReference; explicitFileType = wrapper.application; includeInIndex = 0; path = InsightNote.app; sourceTree = BUILT_PRODUCTS_DIR; };
		89D416E12D9F26A6003D163C /* HomeView.swift */ = {isa = PBXFileReference; lastKnownFileType = sourcecode.swift; path = HomeView.swift; sourceTree = "<group>"; };
		89D416EC2D9F26A8003D163C /* InsightNoteTests.xctest */ = {isa = PBXFileReference; explicitFileType = wrapper.cfbundle; includeInIndex = 0; path = InsightNoteTests.xctest; sourceTree = BUILT_PRODUCTS_DIR; };
		89D416F62D9F26A8003D163C /* InsightNoteUITests.xctest */ = {isa = PBXFileReference; explicitFileType = wrapper.cfbundle; includeInIndex = 0; path = InsightNoteUITests.xctest; sourceTree = BUILT_PRODUCTS_DIR; };
		89D4170A2D9F3122003D163C /* NoteDetailView.swift */ = {isa = PBXFileReference; lastKnownFileType = sourcecode.swift; path = NoteDetailView.swift; sourceTree = "<group>"; };
		89D4170F2D9F3198003D163C /* Note.swift */ = {isa = PBXFileReference; lastKnownFileType = sourcecode.swift; path = Note.swift; sourceTree = "<group>"; };
		89D417112D9F31B1003D163C /* HomeViewModel.swift */ = {isa = PBXFileReference; lastKnownFileType = sourcecode.swift; path = HomeViewModel.swift; sourceTree = "<group>"; };
		89D417132D9F31F5003D163C /* OpenAIService.swift */ = {isa = PBXFileReference; lastKnownFileType = sourcecode.swift; path = OpenAIService.swift; sourceTree = "<group>"; };
/* End PBXFileReference section */

/* Begin PBXFileSystemSynchronizedRootGroup section */
		89D416DE2D9F26A6003D163C /* InsightNote */ = {
			isa = PBXFileSystemSynchronizedRootGroup;
			path = InsightNote;
			sourceTree = "<group>";
		};
		89D416EF2D9F26A8003D163C /* InsightNoteTests */ = {
			isa = PBXFileSystemSynchronizedRootGroup;
			path = InsightNoteTests;
			sourceTree = "<group>";
		};
		89D416F92D9F26A8003D163C /* InsightNoteUITests */ = {
			isa = PBXFileSystemSynchronizedRootGroup;
			path = InsightNoteUITests;
			sourceTree = "<group>";
		};
/* End PBXFileSystemSynchronizedRootGroup section */

/* Begin PBXFrameworksBuildPhase section */
		89D416D92D9F26A6003D163C /* Frameworks */ = {
			isa = PBXFrameworksBuildPhase;
			buildActionMask = 2147483647;
			files = (
			);
			runOnlyForDeploymentPostprocessing = 0;
		};
		89D416E92D9F26A8003D163C /* Frameworks */ = {
			isa = PBXFrameworksBuildPhase;
			buildActionMask = 2147483647;
			files = (
			);
			runOnlyForDeploymentPostprocessing = 0;
		};
		89D416F32D9F26A8003D163C /* Frameworks */ = {
			isa = PBXFrameworksBuildPhase;
			buildActionMask = 2147483647;
			files = (
			);
			runOnlyForDeploymentPostprocessing = 0;
		};
/* End PBXFrameworksBuildPhase section */

/* Begin PBXGroup section */
		89D416D32D9F26A6003D163C = {
			isa = PBXGroup;
			children = (
				89D417122D9F31EB003D163C /* Services */,
				89D417102D9F31A7003D163C /* ViewModels */,
				89D4170D2D9F318B003D163C /* Models */,
				89D417092D9F273D003D163C /* Views */,
				89D416DE2D9F26A6003D163C /* InsightNote */,
				89D416EF2D9F26A8003D163C /* InsightNoteTests */,
				89D416F92D9F26A8003D163C /* InsightNoteUITests */,
				89D416DD2D9F26A6003D163C /* Products */,
			);
			sourceTree = "<group>";
		};
		89D416DD2D9F26A6003D163C /* Products */ = {
			isa = PBXGroup;
			children = (
				89D416DC2D9F26A6003D163C /* InsightNote.app */,
				89D416EC2D9F26A8003D163C /* InsightNoteTests.xctest */,
				89D416F62D9F26A8003D163C /* InsightNoteUITests.xctest */,
			);
			name = Products;
			sourceTree = "<group>";
		};
		89D417092D9F273D003D163C /* Views */ = {
			isa = PBXGroup;
			children = (
				89D4170A2D9F3122003D163C /* NoteDetailView.swift */,
				89D416E12D9F26A6003D163C /* HomeView.swift */,
			);
			path = Views;
			sourceTree = "<group>";
		};
		89D4170D2D9F318B003D163C /* Models */ = {
			isa = PBXGroup;
			children = (
				89D4170F2D9F3198003D163C /* Note.swift */,
			);
			path = Models;
			sourceTree = "<group>";
		};
		89D417102D9F31A7003D163C /* ViewModels */ = {
			isa = PBXGroup;
			children = (
				89D417112D9F31B1003D163C /* HomeViewModel.swift */,
			);
			path = ViewModels;
			sourceTree = "<group>";
		};
		89D417122D9F31EB003D163C /* Services */ = {
			isa = PBXGroup;
			children = (
				89D417132D9F31F5003D163C /* OpenAIService.swift */,
			);
			path = Services;
			sourceTree = "<group>";
		};
/* End PBXGroup section */

/* Begin PBXNativeTarget section */
		89D416DB2D9F26A6003D163C /* InsightNote */ = {
			isa = PBXNativeTarget;
			buildConfigurationList = 89D417002D9F26A8003D163C /* Build configuration list for PBXNativeTarget "InsightNote" */;
			buildPhases = (
				89D416D82D9F26A6003D163C /* Sources */,
				89D416D92D9F26A6003D163C /* Frameworks */,
				89D416DA2D9F26A6003D163C /* Resources */,
			);
			buildRules = (
			);
			dependencies = (
			);
			fileSystemSynchronizedGroups = (
				89D416DE2D9F26A6003D163C /* InsightNote */,
			);
			name = InsightNote;
			packageProductDependencies = (
			);
			productName = InsightNote;
			productReference = 89D416DC2D9F26A6003D163C /* InsightNote.app */;
			productType = "com.apple.product-type.application";
		};
		89D416EB2D9F26A8003D163C /* InsightNoteTests */ = {
			isa = PBXNativeTarget;
			buildConfigurationList = 89D417032D9F26A8003D163C /* Build configuration list for PBXNativeTarget "InsightNoteTests" */;
			buildPhases = (
				89D416E82D9F26A8003D163C /* Sources */,
				89D416E92D9F26A8003D163C /* Frameworks */,
				89D416EA2D9F26A8003D163C /* Resources */,
			);
			buildRules = (
			);
			dependencies = (
				89D416EE2D9F26A8003D163C /* PBXTargetDependency */,
			);
			fileSystemSynchronizedGroups = (
				89D416EF2D9F26A8003D163C /* InsightNoteTests */,
			);
			name = InsightNoteTests;
			packageProductDependencies = (
			);
			productName = InsightNoteTests;
			productReference = 89D416EC2D9F26A8003D163C /* InsightNoteTests.xctest */;
			productType = "com.apple.product-type.bundle.unit-test";
		};
		89D416F52D9F26A8003D163C /* InsightNoteUITests */ = {
			isa = PBXNativeTarget;
			buildConfigurationList = 89D417062D9F26A8003D163C /* Build configuration list for PBXNativeTarget "InsightNoteUITests" */;
			buildPhases = (
				89D416F22D9F26A8003D163C /* Sources */,
				89D416F32D9F26A8003D163C /* Frameworks */,
				89D416F42D9F26A8003D163C /* Resources */,
			);
			buildRules = (
			);
			dependencies = (
				89D416F82D9F26A8003D163C /* PBXTargetDependency */,
			);
			fileSystemSynchronizedGroups = (
				89D416F92D9F26A8003D163C /* InsightNoteUITests */,
			);
			name = InsightNoteUITests;
			packageProductDependencies = (
			);
			productName = InsightNoteUITests;
			productReference = 89D416F62D9F26A8003D163C /* InsightNoteUITests.xctest */;
			productType = "com.apple.product-type.bundle.ui-testing";
		};
/* End PBXNativeTarget section */

/* Begin PBXProject section */
		89D416D42D9F26A6003D163C /* Project object */ = {
			isa = PBXProject;
			attributes = {
				BuildIndependentTargetsInParallel = 1;
				LastSwiftUpdateCheck = 1620;
				LastUpgradeCheck = 1620;
				TargetAttributes = {
					89D416DB2D9F26A6003D163C = {
						CreatedOnToolsVersion = 16.2;
					};
					89D416EB2D9F26A8003D163C = {
						CreatedOnToolsVersion = 16.2;
						TestTargetID = 89D416DB2D9F26A6003D163C;
					};
					89D416F52D9F26A8003D163C = {
						CreatedOnToolsVersion = 16.2;
						TestTargetID = 89D416DB2D9F26A6003D163C;
					};
				};
			};
			buildConfigurationList = 89D416D72D9F26A6003D163C /* Build configuration list for PBXProject "InsightNote" */;
			developmentRegion = en;
			hasScannedForEncodings = 0;
			knownRegions = (
				en,
				Base,
			);
			mainGroup = 89D416D32D9F26A6003D163C;
			minimizedProjectReferenceProxies = 1;
			preferredProjectObjectVersion = 77;
			productRefGroup = 89D416DD2D9F26A6003D163C /* Products */;
			projectDirPath = "";
			projectRoot = "";
			targets = (
				89D416DB2D9F26A6003D163C /* InsightNote */,
				89D416EB2D9F26A8003D163C /* InsightNoteTests */,
				89D416F52D9F26A8003D163C /* InsightNoteUITests */,
			);
		};
/* End PBXProject section */

/* Begin PBXResourcesBuildPhase section */
		89D416DA2D9F26A6003D163C /* Resources */ = {
			isa = PBXResourcesBuildPhase;
			buildActionMask = 2147483647;
			files = (
			);
			runOnlyForDeploymentPostprocessing = 0;
		};
		89D416EA2D9F26A8003D163C /* Resources */ = {
			isa = PBXResourcesBuildPhase;
			buildActionMask = 2147483647;
			files = (
			);
			runOnlyForDeploymentPostprocessing = 0;
		};
		89D416F42D9F26A8003D163C /* Resources */ = {
			isa = PBXResourcesBuildPhase;
			buildActionMask = 2147483647;
			files = (
			);
			runOnlyForDeploymentPostprocessing = 0;
		};
/* End PBXResourcesBuildPhase section */

/* Begin PBXSourcesBuildPhase section */
		89D416D82D9F26A6003D163C /* Sources */ = {
			isa = PBXSourcesBuildPhase;
			buildActionMask = 2147483647;
			files = (
				89D417152D9F373E003D163C /* Note.swift in Sources */,
				89D4170B2D9F312D003D163C /* NoteDetailView.swift in Sources */,
				89D416E22D9F26A6003D163C /* HomeView.swift in Sources */,
				89D417142D9F3707003D163C /* HomeViewModel.swift in Sources */,
			);
			runOnlyForDeploymentPostprocessing = 0;
		};
		89D416E82D9F26A8003D163C /* Sources */ = {
			isa = PBXSourcesBuildPhase;
			buildActionMask = 2147483647;
			files = (
			);
			runOnlyForDeploymentPostprocessing = 0;
		};
		89D416F22D9F26A8003D163C /* Sources */ = {
			isa = PBXSourcesBuildPhase;
			buildActionMask = 2147483647;
			files = (
			);
			runOnlyForDeploymentPostprocessing = 0;
		};
/* End PBXSourcesBuildPhase section */

/* Begin PBXTargetDependency section */
		89D416EE2D9F26A8003D163C /* PBXTargetDependency */ = {
			isa = PBXTargetDependency;
			target = 89D416DB2D9F26A6003D163C /* InsightNote */;
			targetProxy = 89D416ED2D9F26A8003D163C /* PBXContainerItemProxy */;
		};
		89D416F82D9F26A8003D163C /* PBXTargetDependency */ = {
			isa = PBXTargetDependency;
			target = 89D416DB2D9F26A6003D163C /* InsightNote */;
			targetProxy = 89D416F72D9F26A8003D163C /* PBXContainerItemProxy */;
		};
/* End PBXTargetDependency section */

/* Begin XCBuildConfiguration section */
		89D416FE2D9F26A8003D163C /* Debug */ = {
			isa = XCBuildConfiguration;
			buildSettings = {
				ALWAYS_SEARCH_USER_PATHS = NO;
				ASSETCATALOG_COMPILER_GENERATE_SWIFT_ASSET_SYMBOL_EXTENSIONS = YES;
				CLANG_ANALYZER_NONNULL = YES;
				CLANG_ANALYZER_NUMBER_OBJECT_CONVERSION = YES_AGGRESSIVE;
				CLANG_CXX_LANGUAGE_STANDARD = "gnu++20";
				CLANG_ENABLE_MODULES = YES;
				CLANG_ENABLE_OBJC_ARC = YES;
				CLANG_ENABLE_OBJC_WEAK = YES;
				CLANG_WARN_BLOCK_CAPTURE_AUTORELEASING = YES;
				CLANG_WARN_BOOL_CONVERSION = YES;
				CLANG_WARN_COMMA = YES;
				CLANG_WARN_CONSTANT_CONVERSION = YES;
				CLANG_WARN_DEPRECATED_OBJC_IMPLEMENTATIONS = YES;
				CLANG_WARN_DIRECT_OBJC_ISA_USAGE = YES_ERROR;
				CLANG_WARN_DOCUMENTATION_COMMENTS = YES;
				CLANG_WARN_EMPTY_BODY = YES;
				CLANG_WARN_ENUM_CONVERSION = YES;
				CLANG_WARN_INFINITE_RECURSION = YES;
				CLANG_WARN_INT_CONVERSION = YES;
				CLANG_WARN_NON_LITERAL_NULL_CONVERSION = YES;
				CLANG_WARN_OBJC_IMPLICIT_RETAIN_SELF = YES;
				CLANG_WARN_OBJC_LITERAL_CONVERSION = YES;
				CLANG_WARN_OBJC_ROOT_CLASS = YES_ERROR;
				CLANG_WARN_QUOTED_INCLUDE_IN_FRAMEWORK_HEADER = YES;
				CLANG_WARN_RANGE_LOOP_ANALYSIS = YES;
				CLANG_WARN_STRICT_PROTOTYPES = YES;
				CLANG_WARN_SUSPICIOUS_MOVE = YES;
				CLANG_WARN_UNGUARDED_AVAILABILITY = YES_AGGRESSIVE;
				CLANG_WARN_UNREACHABLE_CODE = YES;
				CLANG_WARN__DUPLICATE_METHOD_MATCH = YES;
				COPY_PHASE_STRIP = NO;
				DEBUG_INFORMATION_FORMAT = dwarf;
				ENABLE_STRICT_OBJC_MSGSEND = YES;
				ENABLE_TESTABILITY = YES;
				ENABLE_USER_SCRIPT_SANDBOXING = YES;
				GCC_C_LANGUAGE_STANDARD = gnu17;
				GCC_DYNAMIC_NO_PIC = NO;
				GCC_NO_COMMON_BLOCKS = YES;
				GCC_OPTIMIZATION_LEVEL = 0;
				GCC_PREPROCESSOR_DEFINITIONS = (
					"DEBUG=1",
					"$(inherited)",
				);
				GCC_WARN_64_TO_32_BIT_CONVERSION = YES;
				GCC_WARN_ABOUT_RETURN_TYPE = YES_ERROR;
				GCC_WARN_UNDECLARED_SELECTOR = YES;
				GCC_WARN_UNINITIALIZED_AUTOS = YES_AGGRESSIVE;
				GCC_WARN_UNUSED_FUNCTION = YES;
				GCC_WARN_UNUSED_VARIABLE = YES;
				IPHONEOS_DEPLOYMENT_TARGET = 18.2;
				LOCALIZATION_PREFERS_STRING_CATALOGS = YES;
				MTL_ENABLE_DEBUG_INFO = INCLUDE_SOURCE;
				MTL_FAST_MATH = YES;
				ONLY_ACTIVE_ARCH = YES;
				SDKROOT = iphoneos;
				SWIFT_ACTIVE_COMPILATION_CONDITIONS = "DEBUG $(inherited)";
				SWIFT_OPTIMIZATION_LEVEL = "-Onone";
			};
			name = Debug;
		};
		89D416FF2D9F26A8003D163C /* Release */ = {
			isa = XCBuildConfiguration;
			buildSettings = {
				ALWAYS_SEARCH_USER_PATHS = NO;
				ASSETCATALOG_COMPILER_GENERATE_SWIFT_ASSET_SYMBOL_EXTENSIONS = YES;
				CLANG_ANALYZER_NONNULL = YES;
				CLANG_ANALYZER_NUMBER_OBJECT_CONVERSION = YES_AGGRESSIVE;
				CLANG_CXX_LANGUAGE_STANDARD = "gnu++20";
				CLANG_ENABLE_MODULES = YES;
				CLANG_ENABLE_OBJC_ARC = YES;
				CLANG_ENABLE_OBJC_WEAK = YES;
				CLANG_WARN_BLOCK_CAPTURE_AUTORELEASING = YES;
				CLANG_WARN_BOOL_CONVERSION = YES;
				CLANG_WARN_COMMA = YES;
				CLANG_WARN_CONSTANT_CONVERSION = YES;
				CLANG_WARN_DEPRECATED_OBJC_IMPLEMENTATIONS = YES;
				CLANG_WARN_DIRECT_OBJC_ISA_USAGE = YES_ERROR;
				CLANG_WARN_DOCUMENTATION_COMMENTS = YES;
				CLANG_WARN_EMPTY_BODY = YES;
				CLANG_WARN_ENUM_CONVERSION = YES;
				CLANG_WARN_INFINITE_RECURSION = YES;
				CLANG_WARN_INT_CONVERSION = YES;
				CLANG_WARN_NON_LITERAL_NULL_CONVERSION = YES;
				CLANG_WARN_OBJC_IMPLICIT_RETAIN_SELF = YES;
				CLANG_WARN_OBJC_LITERAL_CONVERSION = YES;
				CLANG_WARN_OBJC_ROOT_CLASS = YES_ERROR;
				CLANG_WARN_QUOTED_INCLUDE_IN_FRAMEWORK_HEADER = YES;
				CLANG_WARN_RANGE_LOOP_ANALYSIS = YES;
				CLANG_WARN_STRICT_PROTOTYPES = YES;
				CLANG_WARN_SUSPICIOUS_MOVE = YES;
				CLANG_WARN_UNGUARDED_AVAILABILITY = YES_AGGRESSIVE;
				CLANG_WARN_UNREACHABLE_CODE = YES;
				CLANG_WARN__DUPLICATE_METHOD_MATCH = YES;
				COPY_PHASE_STRIP = NO;
				DEBUG_INFORMATION_FORMAT = "dwarf-with-dsym";
				ENABLE_NS_ASSERTIONS = NO;
				ENABLE_STRICT_OBJC_MSGSEND = YES;
				ENABLE_USER_SCRIPT_SANDBOXING = YES;
				GCC_C_LANGUAGE_STANDARD = gnu17;
				GCC_NO_COMMON_BLOCKS = YES;
				GCC_WARN_64_TO_32_BIT_CONVERSION = YES;
				GCC_WARN_ABOUT_RETURN_TYPE = YES_ERROR;
				GCC_WARN_UNDECLARED_SELECTOR = YES;
				GCC_WARN_UNINITIALIZED_AUTOS = YES_AGGRESSIVE;
				GCC_WARN_UNUSED_FUNCTION = YES;
				GCC_WARN_UNUSED_VARIABLE = YES;
				IPHONEOS_DEPLOYMENT_TARGET = 18.2;
				LOCALIZATION_PREFERS_STRING_CATALOGS = YES;
				MTL_ENABLE_DEBUG_INFO = NO;
				MTL_FAST_MATH = YES;
				SDKROOT = iphoneos;
				SWIFT_COMPILATION_MODE = wholemodule;
				VALIDATE_PRODUCT = YES;
			};
			name = Release;
		};
		89D417012D9F26A8003D163C /* Debug */ = {
			isa = XCBuildConfiguration;
			buildSettings = {
				ASSETCATALOG_COMPILER_APPICON_NAME = AppIcon;
				ASSETCATALOG_COMPILER_GLOBAL_ACCENT_COLOR_NAME = AccentColor;
				CODE_SIGN_STYLE = Automatic;
				CURRENT_PROJECT_VERSION = 1;
				DEVELOPMENT_ASSET_PATHS = "\"InsightNote/Preview Content\"";
				DEVELOPMENT_TEAM = S9Q59RMKGZ;
				ENABLE_PREVIEWS = YES;
				GENERATE_INFOPLIST_FILE = YES;
				INFOPLIST_KEY_UIApplicationSceneManifest_Generation = YES;
				INFOPLIST_KEY_UIApplicationSupportsIndirectInputEvents = YES;
				INFOPLIST_KEY_UILaunchScreen_Generation = YES;
				INFOPLIST_KEY_UISupportedInterfaceOrientations_iPad = "UIInterfaceOrientationPortrait UIInterfaceOrientationPortraitUpsideDown UIInterfaceOrientationLandscapeLeft UIInterfaceOrientationLandscapeRight";
				INFOPLIST_KEY_UISupportedInterfaceOrientations_iPhone = "UIInterfaceOrientationPortrait UIInterfaceOrientationLandscapeLeft UIInterfaceOrientationLandscapeRight";
				LD_RUNPATH_SEARCH_PATHS = (
					"$(inherited)",
					"@executable_path/Frameworks",
				);
				MARKETING_VERSION = 1.0;
				PRODUCT_BUNDLE_IDENTIFIER = me.InsightNote;
				PRODUCT_NAME = "$(TARGET_NAME)";
				SWIFT_EMIT_LOC_STRINGS = YES;
				SWIFT_VERSION = 5.0;
				TARGETED_DEVICE_FAMILY = "1,2";
			};
			name = Debug;
		};
		89D417022D9F26A8003D163C /* Release */ = {
			isa = XCBuildConfiguration;
			buildSettings = {
				ASSETCATALOG_COMPILER_APPICON_NAME = AppIcon;
				ASSETCATALOG_COMPILER_GLOBAL_ACCENT_COLOR_NAME = AccentColor;
				CODE_SIGN_STYLE = Automatic;
				CURRENT_PROJECT_VERSION = 1;
				DEVELOPMENT_ASSET_PATHS = "\"InsightNote/Preview Content\"";
				DEVELOPMENT_TEAM = S9Q59RMKGZ;
				ENABLE_PREVIEWS = YES;
				GENERATE_INFOPLIST_FILE = YES;
				INFOPLIST_KEY_UIApplicationSceneManifest_Generation = YES;
				INFOPLIST_KEY_UIApplicationSupportsIndirectInputEvents = YES;
				INFOPLIST_KEY_UILaunchScreen_Generation = YES;
				INFOPLIST_KEY_UISupportedInterfaceOrientations_iPad = "UIInterfaceOrientationPortrait UIInterfaceOrientationPortraitUpsideDown UIInterfaceOrientationLandscapeLeft UIInterfaceOrientationLandscapeRight";
				INFOPLIST_KEY_UISupportedInterfaceOrientations_iPhone = "UIInterfaceOrientationPortrait UIInterfaceOrientationLandscapeLeft UIInterfaceOrientationLandscapeRight";
				LD_RUNPATH_SEARCH_PATHS = (
					"$(inherited)",
					"@executable_path/Frameworks",
				);
				MARKETING_VERSION = 1.0;
				PRODUCT_BUNDLE_IDENTIFIER = me.InsightNote;
				PRODUCT_NAME = "$(TARGET_NAME)";
				SWIFT_EMIT_LOC_STRINGS = YES;
				SWIFT_VERSION = 5.0;
				TARGETED_DEVICE_FAMILY = "1,2";
			};
			name = Release;
		};
		89D417042D9F26A8003D163C /* Debug */ = {
			isa = XCBuildConfiguration;
			buildSettings = {
				BUNDLE_LOADER = "$(TEST_HOST)";
				CODE_SIGN_STYLE = Automatic;
				CURRENT_PROJECT_VERSION = 1;
				DEVELOPMENT_TEAM = S9Q59RMKGZ;
				GENERATE_INFOPLIST_FILE = YES;
				IPHONEOS_DEPLOYMENT_TARGET = 18.2;
				MARKETING_VERSION = 1.0;
				PRODUCT_BUNDLE_IDENTIFIER = me.InsightNoteTests;
				PRODUCT_NAME = "$(TARGET_NAME)";
				SWIFT_EMIT_LOC_STRINGS = NO;
				SWIFT_VERSION = 5.0;
				TARGETED_DEVICE_FAMILY = "1,2";
				TEST_HOST = "$(BUILT_PRODUCTS_DIR)/InsightNote.app/$(BUNDLE_EXECUTABLE_FOLDER_PATH)/InsightNote";
			};
			name = Debug;
		};
		89D417052D9F26A8003D163C /* Release */ = {
			isa = XCBuildConfiguration;
			buildSettings = {
				BUNDLE_LOADER = "$(TEST_HOST)";
				CODE_SIGN_STYLE = Automatic;
				CURRENT_PROJECT_VERSION = 1;
				DEVELOPMENT_TEAM = S9Q59RMKGZ;
				GENERATE_INFOPLIST_FILE = YES;
				IPHONEOS_DEPLOYMENT_TARGET = 18.2;
				MARKETING_VERSION = 1.0;
				PRODUCT_BUNDLE_IDENTIFIER = me.InsightNoteTests;
				PRODUCT_NAME = "$(TARGET_NAME)";
				SWIFT_EMIT_LOC_STRINGS = NO;
				SWIFT_VERSION = 5.0;
				TARGETED_DEVICE_FAMILY = "1,2";
				TEST_HOST = "$(BUILT_PRODUCTS_DIR)/InsightNote.app/$(BUNDLE_EXECUTABLE_FOLDER_PATH)/InsightNote";
			};
			name = Release;
		};
		89D417072D9F26A8003D163C /* Debug */ = {
			isa = XCBuildConfiguration;
			buildSettings = {
				CODE_SIGN_STYLE = Automatic;
				CURRENT_PROJECT_VERSION = 1;
				DEVELOPMENT_TEAM = S9Q59RMKGZ;
				GENERATE_INFOPLIST_FILE = YES;
				MARKETING_VERSION = 1.0;
				PRODUCT_BUNDLE_IDENTIFIER = me.InsightNoteUITests;
				PRODUCT_NAME = "$(TARGET_NAME)";
				SWIFT_EMIT_LOC_STRINGS = NO;
				SWIFT_VERSION = 5.0;
				TARGETED_DEVICE_FAMILY = "1,2";
				TEST_TARGET_NAME = InsightNote;
			};
			name = Debug;
		};
		89D417082D9F26A8003D163C /* Release */ = {
			isa = XCBuildConfiguration;
			buildSettings = {
				CODE_SIGN_STYLE = Automatic;
				CURRENT_PROJECT_VERSION = 1;
				DEVELOPMENT_TEAM = S9Q59RMKGZ;
				GENERATE_INFOPLIST_FILE = YES;
				MARKETING_VERSION = 1.0;
				PRODUCT_BUNDLE_IDENTIFIER = me.InsightNoteUITests;
				PRODUCT_NAME = "$(TARGET_NAME)";
				SWIFT_EMIT_LOC_STRINGS = NO;
				SWIFT_VERSION = 5.0;
				TARGETED_DEVICE_FAMILY = "1,2";
				TEST_TARGET_NAME = InsightNote;
			};
			name = Release;
		};
/* End XCBuildConfiguration section */

/* Begin XCConfigurationList section */
		89D416D72D9F26A6003D163C /* Build configuration list for PBXProject "InsightNote" */ = {
			isa = XCConfigurationList;
			buildConfigurations = (
				89D416FE2D9F26A8003D163C /* Debug */,
				89D416FF2D9F26A8003D163C /* Release */,
			);
			defaultConfigurationIsVisible = 0;
			defaultConfigurationName = Release;
		};
		89D417002D9F26A8003D163C /* Build configuration list for PBXNativeTarget "InsightNote" */ = {
			isa = XCConfigurationList;
			buildConfigurations = (
				89D417012D9F26A8003D163C /* Debug */,
				89D417022D9F26A8003D163C /* Release */,
			);
			defaultConfigurationIsVisible = 0;
			defaultConfigurationName = Release;
		};
		89D417032D9F26A8003D163C /* Build configuration list for PBXNativeTarget "InsightNoteTests" */ = {
			isa = XCConfigurationList;
			buildConfigurations = (
				89D417042D9F26A8003D163C /* Debug */,
				89D417052D9F26A8003D163C /* Release */,
			);
			defaultConfigurationIsVisible = 0;
			defaultConfigurationName = Release;
		};
		89D417062D9F26A8003D163C /* Build configuration list for PBXNativeTarget "InsightNoteUITests" */ = {
			isa = XCConfigurationList;
			buildConfigurations = (
				89D417072D9F26A8003D163C /* Debug */,
				89D417082D9F26A8003D163C /* Release */,
			);
			defaultConfigurationIsVisible = 0;
			defaultConfigurationName = Release;
		};
/* End XCConfigurationList section */
	};
	rootObject = 89D416D42D9F26A6003D163C /* Project object */;
}
